
Microsoft Visual Studio Solution File, Format Version 12.00
# Visual Studio Version 17
VisualStudioVersion = 17.4.33403.182
MinimumVisualStudioVersion = 10.0.40219.1
Project("{FAE04EC0-301F-11D3-BF4B-00C04F79EFBC}") = "Pojistovna", "Pojistovna\Pojistovna.csproj", "{853136ED-13CB-4B26-B712-00F7F9CF5AF1}"
EndProject
Global
	GlobalSection(SolutionConfigurationPlatforms) = preSolution
		Debug|Any CPU = Debug|Any CPU
		Release|Any CPU = Release|Any CPU
	EndGlobalSection
	GlobalSection(ProjectConfigurationPlatforms) = postSolution
		{853136ED-13CB-4B26-B712-00F7F9CF5AF1}.Debug|Any CPU.ActiveCfg = Debug|Any CPU
		{853136ED-13CB-4B26-B712-00F7F9CF5AF1}.Debug|Any CPU.Build.0 = Debug|Any CPU
		{853136ED-13CB-4B26-B712-00F7F9CF5AF1}.Release|Any CPU.ActiveCfg = Release|Any CPU
		{853136ED-13CB-4B26-B712-00F7F9CF5AF1}.Release|Any CPU.Build.0 = Release|Any CPU
	EndGlobalSection
	GlobalSection(SolutionProperties) = preSolution
		HideSolutionNode = FALSE
	EndGlobalSection
	GlobalSection(ExtensibilityGlobals) = postSolution
		SolutionGuid = {BCFB7A72-4CA9-4E24-8B8F-AFFCD7BB40D0}
	EndGlobalSection
EndGlobal
